
Microsoft Visual Studio Solution File, Format Version 12.00
# Visual Studio Version 17
VisualStudioVersion = 17.6.33829.357
MinimumVisualStudioVersion = 10.0.40219.1
Project("{FAE04EC0-301F-11D3-BF4B-00C04F79EFBC}") = "Cokkie(Cerez)", "Cokkie(Cerez)\Cokkie(Cerez).csproj", "{9E652D2B-AF35-411D-9DFE-7C0918E34112}"
EndProject
Global
	GlobalSection(SolutionConfigurationPlatforms) = preSolution
		Debug|Any CPU = Debug|Any CPU
		Release|Any CPU = Release|Any CPU
	EndGlobalSection
	GlobalSection(ProjectConfigurationPlatforms) = postSolution
		{9E652D2B-AF35-411D-9DFE-7C0918E34112}.Debug|Any CPU.ActiveCfg = Debug|Any CPU
		{9E652D2B-AF35-411D-9DFE-7C0918E34112}.Debug|Any CPU.Build.0 = Debug|Any CPU
		{9E652D2B-AF35-411D-9DFE-7C0918E34112}.Release|Any CPU.ActiveCfg = Release|Any CPU
		{9E652D2B-AF35-411D-9DFE-7C0918E34112}.Release|Any CPU.Build.0 = Release|Any CPU
	EndGlobalSection
	GlobalSection(SolutionProperties) = preSolution
		HideSolutionNode = FALSE
	EndGlobalSection
	GlobalSection(ExtensibilityGlobals) = postSolution
		SolutionGuid = {C172EDE4-3FF6-4129-B183-8E7DF3E20548}
	EndGlobalSection
EndGlobal
